
Microsoft Visual Studio Solution File, Format Version 12.00
# Visual Studio Version 17
VisualStudioVersion = 17.9.34728.123
MinimumVisualStudioVersion = 10.0.40219.1
Project("{FAE04EC0-301F-11D3-BF4B-00C04F79EFBC}") = "Atividade 15", "Atividade 15.csproj", "{86B85745-B8BB-4BB3-95FC-CF3D653CEA72}"
EndProject
Global
	GlobalSection(SolutionConfigurationPlatforms) = preSolution
		Debug|Any CPU = Debug|Any CPU
		Release|Any CPU = Release|Any CPU
	EndGlobalSection
	GlobalSection(ProjectConfigurationPlatforms) = postSolution
		{86B85745-B8BB-4BB3-95FC-CF3D653CEA72}.Debug|Any CPU.ActiveCfg = Debug|Any CPU
		{86B85745-B8BB-4BB3-95FC-CF3D653CEA72}.Debug|Any CPU.Build.0 = Debug|Any CPU
		{86B85745-B8BB-4BB3-95FC-CF3D653CEA72}.Release|Any CPU.ActiveCfg = Release|Any CPU
		{86B85745-B8BB-4BB3-95FC-CF3D653CEA72}.Release|Any CPU.Build.0 = Release|Any CPU
	EndGlobalSection
	GlobalSection(SolutionProperties) = preSolution
		HideSolutionNode = FALSE
	EndGlobalSection
	GlobalSection(ExtensibilityGlobals) = postSolution
		SolutionGuid = {BE183B69-A25C-4D84-8EF6-C901820E024B}
	EndGlobalSection
EndGlobal
