
Microsoft Visual Studio Solution File, Format Version 12.00
# Visual Studio Version 17
VisualStudioVersion = 17.9.34728.123
MinimumVisualStudioVersion = 10.0.40219.1
Project("{FAE04EC0-301F-11D3-BF4B-00C04F79EFBC}") = "Lista2-08", "Lista2-08.csproj", "{2967FF4A-D8A3-4B92-BA10-40DE5138F080}"
EndProject
Global
	GlobalSection(SolutionConfigurationPlatforms) = preSolution
		Debug|Any CPU = Debug|Any CPU
		Release|Any CPU = Release|Any CPU
	EndGlobalSection
	GlobalSection(ProjectConfigurationPlatforms) = postSolution
		{2967FF4A-D8A3-4B92-BA10-40DE5138F080}.Debug|Any CPU.ActiveCfg = Debug|Any CPU
		{2967FF4A-D8A3-4B92-BA10-40DE5138F080}.Debug|Any CPU.Build.0 = Debug|Any CPU
		{2967FF4A-D8A3-4B92-BA10-40DE5138F080}.Release|Any CPU.ActiveCfg = Release|Any CPU
		{2967FF4A-D8A3-4B92-BA10-40DE5138F080}.Release|Any CPU.Build.0 = Release|Any CPU
	EndGlobalSection
	GlobalSection(SolutionProperties) = preSolution
		HideSolutionNode = FALSE
	EndGlobalSection
	GlobalSection(ExtensibilityGlobals) = postSolution
		SolutionGuid = {80DB7E29-6BD5-4422-981D-47D89FA577D2}
	EndGlobalSection
EndGlobal
