
Microsoft Visual Studio Solution File, Format Version 12.00
# Visual Studio Version 17
VisualStudioVersion = 17.9.34728.123
MinimumVisualStudioVersion = 10.0.40219.1
Project("{FAE04EC0-301F-11D3-BF4B-00C04F79EFBC}") = "Recursividade", "Recursividade\Recursividade.csproj", "{4C5CE51B-4ECB-480B-B863-6C1CCE34C32C}"
EndProject
Global
	GlobalSection(SolutionConfigurationPlatforms) = preSolution
		Debug|Any CPU = Debug|Any CPU
		Release|Any CPU = Release|Any CPU
	EndGlobalSection
	GlobalSection(ProjectConfigurationPlatforms) = postSolution
		{4C5CE51B-4ECB-480B-B863-6C1CCE34C32C}.Debug|Any CPU.ActiveCfg = Debug|Any CPU
		{4C5CE51B-4ECB-480B-B863-6C1CCE34C32C}.Debug|Any CPU.Build.0 = Debug|Any CPU
		{4C5CE51B-4ECB-480B-B863-6C1CCE34C32C}.Release|Any CPU.ActiveCfg = Release|Any CPU
		{4C5CE51B-4ECB-480B-B863-6C1CCE34C32C}.Release|Any CPU.Build.0 = Release|Any CPU
	EndGlobalSection
	GlobalSection(SolutionProperties) = preSolution
		HideSolutionNode = FALSE
	EndGlobalSection
	GlobalSection(ExtensibilityGlobals) = postSolution
		SolutionGuid = {1C0002DF-9AF9-4358-BBBC-0DEB763F157D}
	EndGlobalSection
EndGlobal
