
Microsoft Visual Studio Solution File, Format Version 12.00
# Visual Studio Version 17
VisualStudioVersion = 17.9.34728.123
MinimumVisualStudioVersion = 10.0.40219.1
Project("{FAE04EC0-301F-11D3-BF4B-00C04F79EFBC}") = "Torre de Hanoi", "Torre de Hanoi.csproj", "{EE277605-C4D1-40B3-9354-A3FB4F64C7E7}"
EndProject
Global
	GlobalSection(SolutionConfigurationPlatforms) = preSolution
		Debug|Any CPU = Debug|Any CPU
		Release|Any CPU = Release|Any CPU
	EndGlobalSection
	GlobalSection(ProjectConfigurationPlatforms) = postSolution
		{EE277605-C4D1-40B3-9354-A3FB4F64C7E7}.Debug|Any CPU.ActiveCfg = Debug|Any CPU
		{EE277605-C4D1-40B3-9354-A3FB4F64C7E7}.Debug|Any CPU.Build.0 = Debug|Any CPU
		{EE277605-C4D1-40B3-9354-A3FB4F64C7E7}.Release|Any CPU.ActiveCfg = Release|Any CPU
		{EE277605-C4D1-40B3-9354-A3FB4F64C7E7}.Release|Any CPU.Build.0 = Release|Any CPU
	EndGlobalSection
	GlobalSection(SolutionProperties) = preSolution
		HideSolutionNode = FALSE
	EndGlobalSection
	GlobalSection(ExtensibilityGlobals) = postSolution
		SolutionGuid = {BDC640A9-56F2-4793-AF1D-452BFF1E2B5F}
	EndGlobalSection
EndGlobal
