
Microsoft Visual Studio Solution File, Format Version 12.00
# Visual Studio Version 17
VisualStudioVersion = 17.9.34728.123
MinimumVisualStudioVersion = 10.0.40219.1
Project("{FAE04EC0-301F-11D3-BF4B-00C04F79EFBC}") = "Atividade 11", "Atividade 11.csproj", "{745D8873-5EA5-401F-AAB0-47A92598E054}"
EndProject
Global
	GlobalSection(SolutionConfigurationPlatforms) = preSolution
		Debug|Any CPU = Debug|Any CPU
		Release|Any CPU = Release|Any CPU
	EndGlobalSection
	GlobalSection(ProjectConfigurationPlatforms) = postSolution
		{745D8873-5EA5-401F-AAB0-47A92598E054}.Debug|Any CPU.ActiveCfg = Debug|Any CPU
		{745D8873-5EA5-401F-AAB0-47A92598E054}.Debug|Any CPU.Build.0 = Debug|Any CPU
		{745D8873-5EA5-401F-AAB0-47A92598E054}.Release|Any CPU.ActiveCfg = Release|Any CPU
		{745D8873-5EA5-401F-AAB0-47A92598E054}.Release|Any CPU.Build.0 = Release|Any CPU
	EndGlobalSection
	GlobalSection(SolutionProperties) = preSolution
		HideSolutionNode = FALSE
	EndGlobalSection
	GlobalSection(ExtensibilityGlobals) = postSolution
		SolutionGuid = {A5EE47D1-67BC-44F8-8444-9AC0CF2D044C}
	EndGlobalSection
EndGlobal
